
Microsoft Visual Studio Solution File, Format Version 10.00
# Visual C++ Express 2008
Project("{8BC9CEB8-8B4A-11D0-8D11-00A0C91BC942}") = "CosmoParty", "CosmoParty\CosmoParty.vcproj", "{49146734-D9A6-4FAC-B17C-D93D11B6E5CE}"
EndProject
Global
	GlobalSection(SolutionConfigurationPlatforms) = preSolution
		Debug|Win32 = Debug|Win32
		Release|Win32 = Release|Win32
	EndGlobalSection
	GlobalSection(ProjectConfigurationPlatforms) = postSolution
		{49146734-D9A6-4FAC-B17C-D93D11B6E5CE}.Debug|Win32.ActiveCfg = Debug|Win32
		{49146734-D9A6-4FAC-B17C-D93D11B6E5CE}.Debug|Win32.Build.0 = Debug|Win32
		{49146734-D9A6-4FAC-B17C-D93D11B6E5CE}.Release|Win32.ActiveCfg = Release|Win32
		{49146734-D9A6-4FAC-B17C-D93D11B6E5CE}.Release|Win32.Build.0 = Release|Win32
	EndGlobalSection
	GlobalSection(SolutionProperties) = preSolution
		HideSolutionNode = FALSE
	EndGlobalSection
EndGlobal
